PODS:
  - KZ_JSON (0.1.2)

DEPENDENCIES:
  - KZ_JSON

SPEC REPOS:
  https://github.com/CocoaPods/Specs.git:
    - KZ_JSON

SPEC CHECKSUMS:
<<<<<<< HEAD
  KZ_JSON: 71ee38a4e9a97b46c3c302408b9329051bb49980
=======
  KZ_JSON: 5ee9814c9cf383decd035cf306a2d3b19e9c4efe
>>>>>>> 9b4128d4af74b8de3e07a7b5548ac3bc80245eea

PODFILE CHECKSUM: 9c02fea927f0df922a1c4c6b0ecb474f4f32708d

COCOAPODS: 1.5.0
