// !$*UTF8*$!
{
	archiveVersion = 1;
	classes = {
	};
	objectVersion = 46;
	objects = {

/* Begin PBXBuildFile section */
		4BA08B84BE34089E719497B6 /* Pods_KZ_Model_iOS.framework in Frameworks */ = {isa = PBXBuildFile; fileRef = 5EE18C93C671F059DBD66032 /* Pods_KZ_Model_iOS.framework */; };
		AEC28F752089DBFD00198A0E /* iOS_TestWeiboImageInfoModel.m in Sources */ = {isa = PBXBuildFile; fileRef = AEC28F5F2089DBFD00198A0E /* iOS_TestWeiboImageInfoModel.m */; };
		AEC28F762089DBFD00198A0E /* iOS_User.m in Sources */ = {isa = PBXBuildFile; fileRef = AEC28F612089DBFD00198A0E /* iOS_User.m */; };
		AEC28F772089DBFD00198A0E /* iOS_TestWeiboExtendModel.m in Sources */ = {isa = PBXBuildFile; fileRef = AEC28F652089DBFD00198A0E /* iOS_TestWeiboExtendModel.m */; };
		AEC28F782089DBFD00198A0E /* iOS_TestUser.m in Sources */ = {isa = PBXBuildFile; fileRef = AEC28F682089DBFD00198A0E /* iOS_TestUser.m */; };
		AEC28F792089DBFD00198A0E /* iOS_TestWeiboModel.m in Sources */ = {isa = PBXBuildFile; fileRef = AEC28F692089DBFD00198A0E /* iOS_TestWeiboModel.m */; };
		AEC28F7A2089DBFD00198A0E /* iOS_TestWeiboUserModel.m in Sources */ = {isa = PBXBuildFile; fileRef = AEC28F6B2089DBFD00198A0E /* iOS_TestWeiboUserModel.m */; };
		AEC28F7B2089DBFD00198A0E /* iOS_TestWeiboBadgeModel.m in Sources */ = {isa = PBXBuildFile; fileRef = AEC28F6C2089DBFD00198A0E /* iOS_TestWeiboBadgeModel.m */; };
		AEC28F7C2089DBFD00198A0E /* iOS_TestModel.m in Sources */ = {isa = PBXBuildFile; fileRef = AEC28F6E2089DBFD00198A0E /* iOS_TestModel.m */; };
		AEC28F7D2089DBFD00198A0E /* iOS_TestWeiboVisibleModel.m in Sources */ = {isa = PBXBuildFile; fileRef = AEC28F6F2089DBFD00198A0E /* iOS_TestWeiboVisibleModel.m */; };
		AEC28F7E2089DBFD00198A0E /* iOS_TXT.txt in Resources */ = {isa = PBXBuildFile; fileRef = AEC28F702089DBFD00198A0E /* iOS_TXT.txt */; };
		AEC28F7F2089DBFD00198A0E /* KZ_iOS_TestModel.m in Sources */ = {isa = PBXBuildFile; fileRef = AEC28F722089DBFD00198A0E /* KZ_iOS_TestModel.m */; };
		AEC28F802089DBFD00198A0E /* iOS_TestWeiboImageModel.m in Sources */ = {isa = PBXBuildFile; fileRef = AEC28F732089DBFD00198A0E /* iOS_TestWeiboImageModel.m */; };
		AEC28F992089F59200198A0E /* macOS_TestWeiboBadgeModel.m in Sources */ = {isa = PBXBuildFile; fileRef = AEC28F822089F59200198A0E /* macOS_TestWeiboBadgeModel.m */; };
		AEC28F9A2089F59200198A0E /* macOS_TestWeiboExtendModel.m in Sources */ = {isa = PBXBuildFile; fileRef = AEC28F832089F59200198A0E /* macOS_TestWeiboExtendModel.m */; };
		AEC28F9B2089F59200198A0E /* macOS_User.m in Sources */ = {isa = PBXBuildFile; fileRef = AEC28F842089F59200198A0E /* macOS_User.m */; };
		AEC28F9C2089F59200198A0E /* macOS_TestWeiboModel.m in Sources */ = {isa = PBXBuildFile; fileRef = AEC28F852089F59200198A0E /* macOS_TestWeiboModel.m */; };
		AEC28F9D2089F59200198A0E /* macOS_TestWeiboVisibleModel.m in Sources */ = {isa = PBXBuildFile; fileRef = AEC28F862089F59200198A0E /* macOS_TestWeiboVisibleModel.m */; };
		AEC28F9E2089F59200198A0E /* macOS_TestWeiboImageModel.m in Sources */ = {isa = PBXBuildFile; fileRef = AEC28F872089F59200198A0E /* macOS_TestWeiboImageModel.m */; };
		AEC28F9F2089F59200198A0E /* macOS_TestUser.m in Sources */ = {isa = PBXBuildFile; fileRef = AEC28F882089F59200198A0E /* macOS_TestUser.m */; };
		AEC28FA02089F59200198A0E /* KZ_macOS_TestModel.m in Sources */ = {isa = PBXBuildFile; fileRef = AEC28F892089F59200198A0E /* KZ_macOS_TestModel.m */; };
		AEC28FA12089F59200198A0E /* macOS_TestModel.m in Sources */ = {isa = PBXBuildFile; fileRef = AEC28F8A2089F59200198A0E /* macOS_TestModel.m */; };
		AEC28FA22089F59200198A0E /* macOS_TestWeiboUserModel.m in Sources */ = {isa = PBXBuildFile; fileRef = AEC28F8B2089F59200198A0E /* macOS_TestWeiboUserModel.m */; };
		AEC28FA32089F59200198A0E /* macOS_TXT.txt in Resources */ = {isa = PBXBuildFile; fileRef = AEC28F8F2089F59200198A0E /* macOS_TXT.txt */; };
		AEC28FA42089F59200198A0E /* macOS_TestWeiboImageInfoModel.m in Sources */ = {isa = PBXBuildFile; fileRef = AEC28F962089F59200198A0E /* macOS_TestWeiboImageInfoModel.m */; };
		AEE6756A2089B6B900D34367 /* AppDelegate.m in Sources */ = {isa = PBXBuildFile; fileRef = AEE675692089B6B900D34367 /* AppDelegate.m */; };
		AEE6756D2089B6B900D34367 /* ViewController.m in Sources */ = {isa = PBXBuildFile; fileRef = AEE6756C2089B6B900D34367 /* ViewController.m */; };
		AEE675702089B6B900D34367 /* Main.storyboard in Resources */ = {isa = PBXBuildFile; fileRef = AEE6756E2089B6B900D34367 /* Main.storyboard */; };
		AEE675722089B6B900D34367 /* Assets.xcassets in Resources */ = {isa = PBXBuildFile; fileRef = AEE675712089B6B900D34367 /* Assets.xcassets */; };
		AEE675752089B6B900D34367 /* LaunchScreen.storyboard in Resources */ = {isa = PBXBuildFile; fileRef = AEE675732089B6B900D34367 /* LaunchScreen.storyboard */; };
		AEE675782089B6B900D34367 /* main.m in Sources */ = {isa = PBXBuildFile; fileRef = AEE675772089B6B900D34367 /* main.m */; };
		AEE675842089B6D000D34367 /* AppDelegate.m in Sources */ = {isa = PBXBuildFile; fileRef = AEE675832089B6D000D34367 /* AppDelegate.m */; };
		AEE675872089B6D000D34367 /* ViewController.m in Sources */ = {isa = PBXBuildFile; fileRef = AEE675862089B6D000D34367 /* ViewController.m */; };
		AEE675892089B6D000D34367 /* Assets.xcassets in Resources */ = {isa = PBXBuildFile; fileRef = AEE675882089B6D000D34367 /* Assets.xcassets */; };
		AEE6758C2089B6D000D34367 /* Main.storyboard in Resources */ = {isa = PBXBuildFile; fileRef = AEE6758A2089B6D000D34367 /* Main.storyboard */; };
		AEE6758F2089B6D000D34367 /* main.m in Sources */ = {isa = PBXBuildFile; fileRef = AEE6758E2089B6D000D34367 /* main.m */; };
		AEF94DA6217715C90063EE69 /* KZ_Model_iOS.framework in Frameworks */ = {isa = PBXBuildFile; fileRef = AEF94DA5217715C90063EE69 /* KZ_Model_iOS.framework */; };
		AEF94DA8217715CB0063EE69 /* KZ_Model_macOS.framework in Frameworks */ = {isa = PBXBuildFile; fileRef = AEF94DA7217715CB0063EE69 /* KZ_Model_macOS.framework */; };
		B143098AF027C33429E32C74 /* Pods_KZ_Model_macOS.framework in Frameworks */ = {isa = PBXBuildFile; fileRef = DE60EAE7B4E021277D03E68A /* Pods_KZ_Model_macOS.framework */; };
/* End PBXBuildFile section */

/* Begin PBXFileReference section */
		336FE1A2ADB95B89E22DFAA8 /* Pods-KZ_Model_macOS.release.xcconfig */ = {isa = PBXFileReference; includeInIndex = 1; lastKnownFileType = text.xcconfig; name = "Pods-KZ_Model_macOS.release.xcconfig"; path = "Pods/Target Support Files/Pods-KZ_Model_macOS/Pods-KZ_Model_macOS.release.xcconfig"; sourceTree = "<group>"; };
		45B9A89C0C476495A9C7BA36 /* Pods-KZ_Model_macOS.debug.xcconfig */ = {isa = PBXFileReference; includeInIndex = 1; lastKnownFileType = text.xcconfig; name = "Pods-KZ_Model_macOS.debug.xcconfig"; path = "Pods/Target Support Files/Pods-KZ_Model_macOS/Pods-KZ_Model_macOS.debug.xcconfig"; sourceTree = "<group>"; };
		5EE18C93C671F059DBD66032 /* Pods_KZ_Model_iOS.framework */ = {isa = PBXFileReference; explicitFileType = wrapper.framework; includeInIndex = 0; path = Pods_KZ_Model_iOS.framework; sourceTree = BUILT_PRODUCTS_DIR; };
		6537D158F4EEACA0B29141A2 /* Pods-KZ_Model_iOS.debug.xcconfig */ = {isa = PBXFileReference; includeInIndex = 1; lastKnownFileType = text.xcconfig; name = "Pods-KZ_Model_iOS.debug.xcconfig"; path = "Pods/Target Support Files/Pods-KZ_Model_iOS/Pods-KZ_Model_iOS.debug.xcconfig"; sourceTree = "<group>"; };
		AEC28F5E2089DBFD00198A0E /* iOS_TestWeiboUserModel.h */ = {isa = PBXFileReference; fileEncoding = 4; lastKnownFileType = sourcecode.c.h; path = iOS_TestWeiboUserModel.h; sourceTree = "<group>"; };
		AEC28F5F2089DBFD00198A0E /* iOS_TestWeiboImageInfoModel.m */ = {isa = PBXFileReference; fileEncoding = 4; lastKnownFileType = sourcecode.c.objc; path = iOS_TestWeiboImageInfoModel.m; sourceTree = "<group>"; };
		AEC28F602089DBFD00198A0E /* iOS_TestWeiboModel.h */ = {isa = PBXFileReference; fileEncoding = 4; lastKnownFileType = sourcecode.c.h; path = iOS_TestWeiboModel.h; sourceTree = "<group>"; };
		AEC28F612089DBFD00198A0E /* iOS_User.m */ = {isa = PBXFileReference; fileEncoding = 4; lastKnownFileType = sourcecode.c.objc; path = iOS_User.m; sourceTree = "<group>"; };
		AEC28F622089DBFD00198A0E /* iOS_TestWeiboBadgeModel.h */ = {isa = PBXFileReference; fileEncoding = 4; lastKnownFileType = sourcecode.c.h; path = iOS_TestWeiboBadgeModel.h; sourceTree = "<group>"; };
		AEC28F632089DBFD00198A0E /* iOS_TestWeiboVisibleModel.h */ = {isa = PBXFileReference; fileEncoding = 4; lastKnownFileType = sourcecode.c.h; path = iOS_TestWeiboVisibleModel.h; sourceTree = "<group>"; };
		AEC28F642089DBFD00198A0E /* iOS_TestModel.h */ = {isa = PBXFileReference; fileEncoding = 4; lastKnownFileType = sourcecode.c.h; path = iOS_TestModel.h; sourceTree = "<group>"; };
		AEC28F652089DBFD00198A0E /* iOS_TestWeiboExtendModel.m */ = {isa = PBXFileReference; fileEncoding = 4; lastKnownFileType = sourcecode.c.objc; path = iOS_TestWeiboExtendModel.m; sourceTree = "<group>"; };
		AEC28F662089DBFD00198A0E /* KZ_iOS_TestModel.h */ = {isa = PBXFileReference; fileEncoding = 4; lastKnownFileType = sourcecode.c.h; path = KZ_iOS_TestModel.h; sourceTree = "<group>"; };
		AEC28F672089DBFD00198A0E /* iOS_TestWeiboImageModel.h */ = {isa = PBXFileReference; fileEncoding = 4; lastKnownFileType = sourcecode.c.h; path = iOS_TestWeiboImageModel.h; sourceTree = "<group>"; };
		AEC28F682089DBFD00198A0E /* iOS_TestUser.m */ = {isa = PBXFileReference; fileEncoding = 4; lastKnownFileType = sourcecode.c.objc; path = iOS_TestUser.m; sourceTree = "<group>"; };
		AEC28F692089DBFD00198A0E /* iOS_TestWeiboModel.m */ = {isa = PBXFileReference; fileEncoding = 4; lastKnownFileType = sourcecode.c.objc; path = iOS_TestWeiboModel.m; sourceTree = "<group>"; };
		AEC28F6A2089DBFD00198A0E /* iOS_TestWeiboImageInfoModel.h */ = {isa = PBXFileReference; fileEncoding = 4; lastKnownFileType = sourcecode.c.h; path = iOS_TestWeiboImageInfoModel.h; sourceTree = "<group>"; };
		AEC28F6B2089DBFD00198A0E /* iOS_TestWeiboUserModel.m */ = {isa = PBXFileReference; fileEncoding = 4; lastKnownFileType = sourcecode.c.objc; path = iOS_TestWeiboUserModel.m; sourceTree = "<group>"; };
		AEC28F6C2089DBFD00198A0E /* iOS_TestWeiboBadgeModel.m */ = {isa = PBXFileReference; fileEncoding = 4; lastKnownFileType = sourcecode.c.objc; path = iOS_TestWeiboBadgeModel.m; sourceTree = "<group>"; };
		AEC28F6D2089DBFD00198A0E /* iOS_User.h */ = {isa = PBXFileReference; fileEncoding = 4; lastKnownFileType = sourcecode.c.h; path = iOS_User.h; sourceTree = "<group>"; };
		AEC28F6E2089DBFD00198A0E /* iOS_TestModel.m */ = {isa = PBXFileReference; fileEncoding = 4; lastKnownFileType = sourcecode.c.objc; path = iOS_TestModel.m; sourceTree = "<group>"; };
		AEC28F6F2089DBFD00198A0E /* iOS_TestWeiboVisibleModel.m */ = {isa = PBXFileReference; fileEncoding = 4; lastKnownFileType = sourcecode.c.objc; path = iOS_TestWeiboVisibleModel.m; sourceTree = "<group>"; };
		AEC28F702089DBFD00198A0E /* iOS_TXT.txt */ = {isa = PBXFileReference; fileEncoding = 4; lastKnownFileType = text; path = iOS_TXT.txt; sourceTree = "<group>"; };
		AEC28F712089DBFD00198A0E /* iOS_TestUser.h */ = {isa = PBXFileReference; fileEncoding = 4; lastKnownFileType = sourcecode.c.h; path = iOS_TestUser.h; sourceTree = "<group>"; };
		AEC28F722089DBFD00198A0E /* KZ_iOS_TestModel.m */ = {isa = PBXFileReference; fileEncoding = 4; lastKnownFileType = sourcecode.c.objc; path = KZ_iOS_TestModel.m; sourceTree = "<group>"; };
		AEC28F732089DBFD00198A0E /* iOS_TestWeiboImageModel.m */ = {isa = PBXFileReference; fileEncoding = 4; lastKnownFileType = sourcecode.c.objc; path = iOS_TestWeiboImageModel.m; sourceTree = "<group>"; };
		AEC28F742089DBFD00198A0E /* iOS_TestWeiboExtendModel.h */ = {isa = PBXFileReference; fileEncoding = 4; lastKnownFileType = sourcecode.c.h; path = iOS_TestWeiboExtendModel.h; sourceTree = "<group>"; };
		AEC28F822089F59200198A0E /* macOS_TestWeiboBadgeModel.m */ = {isa = PBXFileReference; fileEncoding = 4; lastKnownFileType = sourcecode.c.objc; path = macOS_TestWeiboBadgeModel.m; sourceTree = "<group>"; };
		AEC28F832089F59200198A0E /* macOS_TestWeiboExtendModel.m */ = {isa = PBXFileReference; fileEncoding = 4; lastKnownFileType = sourcecode.c.objc; path = macOS_TestWeiboExtendModel.m; sourceTree = "<group>"; };
		AEC28F842089F59200198A0E /* macOS_User.m */ = {isa = PBXFileReference; fileEncoding = 4; lastKnownFileType = sourcecode.c.objc; path = macOS_User.m; sourceTree = "<group>"; };
		AEC28F852089F59200198A0E /* macOS_TestWeiboModel.m */ = {isa = PBXFileReference; fileEncoding = 4; lastKnownFileType = sourcecode.c.objc; path = macOS_TestWeiboModel.m; sourceTree = "<group>"; };
		AEC28F862089F59200198A0E /* macOS_TestWeiboVisibleModel.m */ = {isa = PBXFileReference; fileEncoding = 4; lastKnownFileType = sourcecode.c.objc; path = macOS_TestWeiboVisibleModel.m; sourceTree = "<group>"; };
		AEC28F872089F59200198A0E /* macOS_TestWeiboImageModel.m */ = {isa = PBXFileReference; fileEncoding = 4; lastKnownFileType = sourcecode.c.objc; path = macOS_TestWeiboImageModel.m; sourceTree = "<group>"; };
		AEC28F882089F59200198A0E /* macOS_TestUser.m */ = {isa = PBXFileReference; fileEncoding = 4; lastKnownFileType = sourcecode.c.objc; path = macOS_TestUser.m; sourceTree = "<group>"; };
		AEC28F892089F59200198A0E /* KZ_macOS_TestModel.m */ = {isa = PBXFileReference; fileEncoding = 4; lastKnownFileType = sourcecode.c.objc; path = KZ_macOS_TestModel.m; sourceTree = "<group>"; };
		AEC28F8A2089F59200198A0E /* macOS_TestModel.m */ = {isa = PBXFileReference; fileEncoding = 4; lastKnownFileType = sourcecode.c.objc; path = macOS_TestModel.m; sourceTree = "<group>"; };
		AEC28F8B2089F59200198A0E /* macOS_TestWeiboUserModel.m */ = {isa = PBXFileReference; fileEncoding = 4; lastKnownFileType = sourcecode.c.objc; path = macOS_TestWeiboUserModel.m; sourceTree = "<group>"; };
		AEC28F8C2089F59200198A0E /* macOS_TestWeiboImageInfoModel.h */ = {isa = PBXFileReference; fileEncoding = 4; lastKnownFileType = sourcecode.c.h; path = macOS_TestWeiboImageInfoModel.h; sourceTree = "<group>"; };
		AEC28F8D2089F59200198A0E /* macOS_User.h */ = {isa = PBXFileReference; fileEncoding = 4; lastKnownFileType = sourcecode.c.h; path = macOS_User.h; sourceTree = "<group>"; };
		AEC28F8E2089F59200198A0E /* macOS_TestWeiboExtendModel.h */ = {isa = PBXFileReference; fileEncoding = 4; lastKnownFileType = sourcecode.c.h; path = macOS_TestWeiboExtendModel.h; sourceTree = "<group>"; };
		AEC28F8F2089F59200198A0E /* macOS_TXT.txt */ = {isa = PBXFileReference; fileEncoding = 4; lastKnownFileType = text; path = macOS_TXT.txt; sourceTree = "<group>"; };
		AEC28F902089F59200198A0E /* macOS_TestWeiboBadgeModel.h */ = {isa = PBXFileReference; fileEncoding = 4; lastKnownFileType = sourcecode.c.h; path = macOS_TestWeiboBadgeModel.h; sourceTree = "<group>"; };
		AEC28F912089F59200198A0E /* macOS_TestWeiboVisibleModel.h */ = {isa = PBXFileReference; fileEncoding = 4; lastKnownFileType = sourcecode.c.h; path = macOS_TestWeiboVisibleModel.h; sourceTree = "<group>"; };
		AEC28F922089F59200198A0E /* macOS_TestWeiboModel.h */ = {isa = PBXFileReference; fileEncoding = 4; lastKnownFileType = sourcecode.c.h; path = macOS_TestWeiboModel.h; sourceTree = "<group>"; };
		AEC28F932089F59200198A0E /* KZ_macOS_TestModel.h */ = {isa = PBXFileReference; fileEncoding = 4; lastKnownFileType = sourcecode.c.h; path = KZ_macOS_TestModel.h; sourceTree = "<group>"; };
		AEC28F942089F59200198A0E /* macOS_TestUser.h */ = {isa = PBXFileReference; fileEncoding = 4; lastKnownFileType = sourcecode.c.h; path = macOS_TestUser.h; sourceTree = "<group>"; };
		AEC28F952089F59200198A0E /* macOS_TestWeiboImageModel.h */ = {isa = PBXFileReference; fileEncoding = 4; lastKnownFileType = sourcecode.c.h; path = macOS_TestWeiboImageModel.h; sourceTree = "<group>"; };
		AEC28F962089F59200198A0E /* macOS_TestWeiboImageInfoModel.m */ = {isa = PBXFileReference; fileEncoding = 4; lastKnownFileType = sourcecode.c.objc; path = macOS_TestWeiboImageInfoModel.m; sourceTree = "<group>"; };
		AEC28F972089F59200198A0E /* macOS_TestWeiboUserModel.h */ = {isa = PBXFileReference; fileEncoding = 4; lastKnownFileType = sourcecode.c.h; path = macOS_TestWeiboUserModel.h; sourceTree = "<group>"; };
		AEC28F982089F59200198A0E /* macOS_TestModel.h */ = {isa = PBXFileReference; fileEncoding = 4; lastKnownFileType = sourcecode.c.h; path = macOS_TestModel.h; sourceTree = "<group>"; };
		AEE675662089B6B800D34367 /* KZ_Model_iOS.app */ = {isa = PBXFileReference; explicitFileType = wrapper.application; includeInIndex = 0; path = KZ_Model_iOS.app; sourceTree = BUILT_PRODUCTS_DIR; };
		AEE675682089B6B900D34367 /* AppDelegate.h */ = {isa = PBXFileReference; lastKnownFileType = sourcecode.c.h; path = AppDelegate.h; sourceTree = "<group>"; };
		AEE675692089B6B900D34367 /* AppDelegate.m */ = {isa = PBXFileReference; lastKnownFileType = sourcecode.c.objc; path = AppDelegate.m; sourceTree = "<group>"; };
		AEE6756B2089B6B900D34367 /* ViewController.h */ = {isa = PBXFileReference; lastKnownFileType = sourcecode.c.h; path = ViewController.h; sourceTree = "<group>"; };
		AEE6756C2089B6B900D34367 /* ViewController.m */ = {isa = PBXFileReference; lastKnownFileType = sourcecode.c.objc; path = ViewController.m; sourceTree = "<group>"; };
		AEE6756F2089B6B900D34367 /* Base */ = {isa = PBXFileReference; lastKnownFileType = file.storyboard; name = Base; path = Base.lproj/Main.storyboard; sourceTree = "<group>"; };
		AEE675712089B6B900D34367 /* Assets.xcassets */ = {isa = PBXFileReference; lastKnownFileType = folder.assetcatalog; path = Assets.xcassets; sourceTree = "<group>"; };
		AEE675742089B6B900D34367 /* Base */ = {isa = PBXFileReference; lastKnownFileType = file.storyboard; name = Base; path = Base.lproj/LaunchScreen.storyboard; sourceTree = "<group>"; };
		AEE675762089B6B900D34367 /* Info.plist */ = {isa = PBXFileReference; lastKnownFileType = text.plist.xml; path = Info.plist; sourceTree = "<group>"; };
		AEE675772089B6B900D34367 /* main.m */ = {isa = PBXFileReference; lastKnownFileType = sourcecode.c.objc; path = main.m; sourceTree = "<group>"; };
		AEE675802089B6D000D34367 /* KZ_Model_macOS.app */ = {isa = PBXFileReference; explicitFileType = wrapper.application; includeInIndex = 0; path = KZ_Model_macOS.app; sourceTree = BUILT_PRODUCTS_DIR; };
		AEE675822089B6D000D34367 /* AppDelegate.h */ = {isa = PBXFileReference; lastKnownFileType = sourcecode.c.h; path = AppDelegate.h; sourceTree = "<group>"; };
		AEE675832089B6D000D34367 /* AppDelegate.m */ = {isa = PBXFileReference; lastKnownFileType = sourcecode.c.objc; path = AppDelegate.m; sourceTree = "<group>"; };
		AEE675852089B6D000D34367 /* ViewController.h */ = {isa = PBXFileReference; lastKnownFileType = sourcecode.c.h; path = ViewController.h; sourceTree = "<group>"; };
		AEE675862089B6D000D34367 /* ViewController.m */ = {isa = PBXFileReference; lastKnownFileType = sourcecode.c.objc; path = ViewController.m; sourceTree = "<group>"; };
		AEE675882089B6D000D34367 /* Assets.xcassets */ = {isa = PBXFileReference; lastKnownFileType = folder.assetcatalog; path = Assets.xcassets; sourceTree = "<group>"; };
		AEE6758B2089B6D000D34367 /* Base */ = {isa = PBXFileReference; lastKnownFileType = file.storyboard; name = Base; path = Base.lproj/Main.storyboard; sourceTree = "<group>"; };
		AEE6758D2089B6D000D34367 /* Info.plist */ = {isa = PBXFileReference; lastKnownFileType = text.plist.xml; path = Info.plist; sourceTree = "<group>"; };
		AEE6758E2089B6D000D34367 /* main.m */ = {isa = PBXFileReference; lastKnownFileType = sourcecode.c.objc; path = main.m; sourceTree = "<group>"; };
		AEE675902089B6D000D34367 /* KZ_Model_macOS.entitlements */ = {isa = PBXFileReference; lastKnownFileType = text.plist.entitlements; path = KZ_Model_macOS.entitlements; sourceTree = "<group>"; };
		AEF94DA5217715C90063EE69 /* KZ_Model_iOS.framework */ = {isa = PBXFileReference; lastKnownFileType = wrapper.framework; path = KZ_Model_iOS.framework; sourceTree = "<group>"; };
		AEF94DA7217715CB0063EE69 /* KZ_Model_macOS.framework */ = {isa = PBXFileReference; lastKnownFileType = wrapper.framework; path = KZ_Model_macOS.framework; sourceTree = "<group>"; };
		C132A6F3AAE99BD4EDEB9EC3 /* Pods-KZ_Model_iOS.release.xcconfig */ = {isa = PBXFileReference; includeInIndex = 1; lastKnownFileType = text.xcconfig; name = "Pods-KZ_Model_iOS.release.xcconfig"; path = "Pods/Target Support Files/Pods-KZ_Model_iOS/Pods-KZ_Model_iOS.release.xcconfig"; sourceTree = "<group>"; };
		DE60EAE7B4E021277D03E68A /* Pods_KZ_Model_macOS.framework */ = {isa = PBXFileReference; explicitFileType = wrapper.framework; includeInIndex = 0; path = Pods_KZ_Model_macOS.framework; sourceTree = BUILT_PRODUCTS_DIR; };
/* End PBXFileReference section */

/* Begin PBXFrameworksBuildPhase section */
		AEE675632089B6B800D34367 /* Frameworks */ = {
			isa = PBXFrameworksBuildPhase;
			buildActionMask = 2147483647;
			files = (
				4BA08B84BE34089E719497B6 /* Pods_KZ_Model_iOS.framework in Frameworks */,
				AEF94DA6217715C90063EE69 /* KZ_Model_iOS.framework in Frameworks */,
			);
			runOnlyForDeploymentPostprocessing = 0;
		};
		AEE6757D2089B6D000D34367 /* Frameworks */ = {
			isa = PBXFrameworksBuildPhase;
			buildActionMask = 2147483647;
			files = (
				B143098AF027C33429E32C74 /* Pods_KZ_Model_macOS.framework in Frameworks */,
				AEF94DA8217715CB0063EE69 /* KZ_Model_macOS.framework in Frameworks */,
			);
			runOnlyForDeploymentPostprocessing = 0;
		};
/* End PBXFrameworksBuildPhase section */

/* Begin PBXGroup section */
		6C93A6F129AC1FE3D6641040 /* Frameworks */ = {
			isa = PBXGroup;
			children = (
				5EE18C93C671F059DBD66032 /* Pods_KZ_Model_iOS.framework */,
				DE60EAE7B4E021277D03E68A /* Pods_KZ_Model_macOS.framework */,
			);
			name = Frameworks;
			sourceTree = "<group>";
		};
		AEC28F5D2089DBFD00198A0E /* TestModel */ = {
			isa = PBXGroup;
			children = (
				AEC28F712089DBFD00198A0E /* iOS_TestUser.h */,
				AEC28F682089DBFD00198A0E /* iOS_TestUser.m */,
				AEC28F6D2089DBFD00198A0E /* iOS_User.h */,
				AEC28F612089DBFD00198A0E /* iOS_User.m */,
				AEC28F642089DBFD00198A0E /* iOS_TestModel.h */,
				AEC28F6E2089DBFD00198A0E /* iOS_TestModel.m */,
				AEC28F602089DBFD00198A0E /* iOS_TestWeiboModel.h */,
				AEC28F692089DBFD00198A0E /* iOS_TestWeiboModel.m */,
				AEC28F5E2089DBFD00198A0E /* iOS_TestWeiboUserModel.h */,
				AEC28F6B2089DBFD00198A0E /* iOS_TestWeiboUserModel.m */,
				AEC28F622089DBFD00198A0E /* iOS_TestWeiboBadgeModel.h */,
				AEC28F6C2089DBFD00198A0E /* iOS_TestWeiboBadgeModel.m */,
				AEC28F742089DBFD00198A0E /* iOS_TestWeiboExtendModel.h */,
				AEC28F652089DBFD00198A0E /* iOS_TestWeiboExtendModel.m */,
				AEC28F632089DBFD00198A0E /* iOS_TestWeiboVisibleModel.h */,
				AEC28F6F2089DBFD00198A0E /* iOS_TestWeiboVisibleModel.m */,
				AEC28F6A2089DBFD00198A0E /* iOS_TestWeiboImageInfoModel.h */,
				AEC28F5F2089DBFD00198A0E /* iOS_TestWeiboImageInfoModel.m */,
				AEC28F672089DBFD00198A0E /* iOS_TestWeiboImageModel.h */,
				AEC28F732089DBFD00198A0E /* iOS_TestWeiboImageModel.m */,
				AEC28F722089DBFD00198A0E /* KZ_iOS_TestModel.m */,
				AEC28F662089DBFD00198A0E /* KZ_iOS_TestModel.h */,
				AEC28F702089DBFD00198A0E /* iOS_TXT.txt */,
			);
			path = TestModel;
			sourceTree = "<group>";
		};
		AEC28F812089F59200198A0E /* TestModel */ = {
			isa = PBXGroup;
			children = (
				AEC28F942089F59200198A0E /* macOS_TestUser.h */,
				AEC28F882089F59200198A0E /* macOS_TestUser.m */,
				AEC28F8D2089F59200198A0E /* macOS_User.h */,
				AEC28F842089F59200198A0E /* macOS_User.m */,
				AEC28F982089F59200198A0E /* macOS_TestModel.h */,
				AEC28F8A2089F59200198A0E /* macOS_TestModel.m */,
				AEC28F922089F59200198A0E /* macOS_TestWeiboModel.h */,
				AEC28F852089F59200198A0E /* macOS_TestWeiboModel.m */,
				AEC28F972089F59200198A0E /* macOS_TestWeiboUserModel.h */,
				AEC28F8B2089F59200198A0E /* macOS_TestWeiboUserModel.m */,
				AEC28F902089F59200198A0E /* macOS_TestWeiboBadgeModel.h */,
				AEC28F822089F59200198A0E /* macOS_TestWeiboBadgeModel.m */,
				AEC28F8E2089F59200198A0E /* macOS_TestWeiboExtendModel.h */,
				AEC28F832089F59200198A0E /* macOS_TestWeiboExtendModel.m */,
				AEC28F912089F59200198A0E /* macOS_TestWeiboVisibleModel.h */,
				AEC28F862089F59200198A0E /* macOS_TestWeiboVisibleModel.m */,
				AEC28F8C2089F59200198A0E /* macOS_TestWeiboImageInfoModel.h */,
				AEC28F962089F59200198A0E /* macOS_TestWeiboImageInfoModel.m */,
				AEC28F952089F59200198A0E /* macOS_TestWeiboImageModel.h */,
				AEC28F872089F59200198A0E /* macOS_TestWeiboImageModel.m */,
				AEC28F932089F59200198A0E /* KZ_macOS_TestModel.h */,
				AEC28F892089F59200198A0E /* KZ_macOS_TestModel.m */,
				AEC28F8F2089F59200198A0E /* macOS_TXT.txt */,
			);
			path = TestModel;
			sourceTree = "<group>";
		};
		AEE675672089B6B800D34367 /* KZ_Model_iOS */ = {
			isa = PBXGroup;
			children = (
				AEE675682089B6B900D34367 /* AppDelegate.h */,
				AEE675692089B6B900D34367 /* AppDelegate.m */,
				AEE6756B2089B6B900D34367 /* ViewController.h */,
				AEE6756C2089B6B900D34367 /* ViewController.m */,
				AEC28F5D2089DBFD00198A0E /* TestModel */,
				AEE675B82089B73B00D34367 /* Model */,
				AEE6756E2089B6B900D34367 /* Main.storyboard */,
				AEE675712089B6B900D34367 /* Assets.xcassets */,
				AEE675732089B6B900D34367 /* LaunchScreen.storyboard */,
				AEE675762089B6B900D34367 /* Info.plist */,
				AEE675772089B6B900D34367 /* main.m */,
			);
			path = KZ_Model_iOS;
			sourceTree = "<group>";
		};
		AEE675812089B6D000D34367 /* KZ_Model_macOS */ = {
			isa = PBXGroup;
			children = (
				AEE675822089B6D000D34367 /* AppDelegate.h */,
				AEE675832089B6D000D34367 /* AppDelegate.m */,
				AEE675852089B6D000D34367 /* ViewController.h */,
				AEE675862089B6D000D34367 /* ViewController.m */,
				AEC28F812089F59200198A0E /* TestModel */,
				AEE675BB2089B78500D34367 /* Model */,
				AEE675882089B6D000D34367 /* Assets.xcassets */,
				AEE6758A2089B6D000D34367 /* Main.storyboard */,
				AEE6758D2089B6D000D34367 /* Info.plist */,
				AEE6758E2089B6D000D34367 /* main.m */,
				AEE675902089B6D000D34367 /* KZ_Model_macOS.entitlements */,
			);
			path = KZ_Model_macOS;
			sourceTree = "<group>";
		};
		AEE675B82089B73B00D34367 /* Model */ = {
			isa = PBXGroup;
			children = (
				AEF94DA5217715C90063EE69 /* KZ_Model_iOS.framework */,
			);
			path = Model;
			sourceTree = "<group>";
		};
		AEE675BB2089B78500D34367 /* Model */ = {
			isa = PBXGroup;
			children = (
				AEF94DA7217715CB0063EE69 /* KZ_Model_macOS.framework */,
			);
			path = Model;
			sourceTree = "<group>";
		};
		AEF1753F1E0EAD50003D041A = {
			isa = PBXGroup;
			children = (
				AEE675672089B6B800D34367 /* KZ_Model_iOS */,
				AEE675812089B6D000D34367 /* KZ_Model_macOS */,
				AEF175491E0EAD50003D041A /* Products */,
				C764BA84CA8CCBD0FA52CABC /* Pods */,
				6C93A6F129AC1FE3D6641040 /* Frameworks */,
			);
			sourceTree = "<group>";
		};
		AEF175491E0EAD50003D041A /* Products */ = {
			isa = PBXGroup;
			children = (
				AEE675662089B6B800D34367 /* KZ_Model_iOS.app */,
				AEE675802089B6D000D34367 /* KZ_Model_macOS.app */,
			);
			name = Products;
			sourceTree = "<group>";
		};
		C764BA84CA8CCBD0FA52CABC /* Pods */ = {
			isa = PBXGroup;
			children = (
				6537D158F4EEACA0B29141A2 /* Pods-KZ_Model_iOS.debug.xcconfig */,
				C132A6F3AAE99BD4EDEB9EC3 /* Pods-KZ_Model_iOS.release.xcconfig */,
				45B9A89C0C476495A9C7BA36 /* Pods-KZ_Model_macOS.debug.xcconfig */,
				336FE1A2ADB95B89E22DFAA8 /* Pods-KZ_Model_macOS.release.xcconfig */,
			);
			name = Pods;
			sourceTree = "<group>";
		};
/* End PBXGroup section */

/* Begin PBXNativeTarget section */
		AEE675652089B6B800D34367 /* KZ_Model_iOS */ = {
			isa = PBXNativeTarget;
			buildConfigurationList = AEE6757B2089B6B900D34367 /* Build configuration list for PBXNativeTarget "KZ_Model_iOS" */;
			buildPhases = (
				D2592BD062E4C94FDFE57F8F /* [CP] Check Pods Manifest.lock */,
				AEE675622089B6B800D34367 /* Sources */,
				AEE675632089B6B800D34367 /* Frameworks */,
				AEE675642089B6B800D34367 /* Resources */,
			);
			buildRules = (
			);
			dependencies = (
			);
			name = KZ_Model_iOS;
			productName = KZ_Model_iOS;
			productReference = AEE675662089B6B800D34367 /* KZ_Model_iOS.app */;
			productType = "com.apple.product-type.application";
		};
		AEE6757F2089B6D000D34367 /* KZ_Model_macOS */ = {
			isa = PBXNativeTarget;
			buildConfigurationList = AEE675912089B6D000D34367 /* Build configuration list for PBXNativeTarget "KZ_Model_macOS" */;
			buildPhases = (
				D8CD1C457A0A7C6816170902 /* [CP] Check Pods Manifest.lock */,
				AEE6757C2089B6D000D34367 /* Sources */,
				AEE6757D2089B6D000D34367 /* Frameworks */,
				AEE6757E2089B6D000D34367 /* Resources */,
			);
			buildRules = (
			);
			dependencies = (
			);
			name = KZ_Model_macOS;
			productName = KZ_Model_macOS;
			productReference = AEE675802089B6D000D34367 /* KZ_Model_macOS.app */;
			productType = "com.apple.product-type.application";
		};
/* End PBXNativeTarget section */

/* Begin PBXProject section */
		AEF175401E0EAD50003D041A /* Project object */ = {
			isa = PBXProject;
			attributes = {
				LastUpgradeCheck = 0930;
				ORGANIZATIONNAME = "Kieron Zhang";
				TargetAttributes = {
					AEE675652089B6B800D34367 = {
						CreatedOnToolsVersion = 9.3;
						DevelopmentTeam = TGTFTDLM8G;
						ProvisioningStyle = Automatic;
					};
					AEE6757F2089B6D000D34367 = {
						CreatedOnToolsVersion = 9.3;
						DevelopmentTeam = TGTFTDLM8G;
						ProvisioningStyle = Automatic;
					};
				};
			};
			buildConfigurationList = AEF175431E0EAD50003D041A /* Build configuration list for PBXProject "KZ_Model" */;
			compatibilityVersion = "Xcode 3.2";
			developmentRegion = English;
			hasScannedForEncodings = 0;
			knownRegions = (
				en,
				Base,
			);
			mainGroup = AEF1753F1E0EAD50003D041A;
			productRefGroup = AEF175491E0EAD50003D041A /* Products */;
			projectDirPath = "";
			projectRoot = "";
			targets = (
				AEE675652089B6B800D34367 /* KZ_Model_iOS */,
				AEE6757F2089B6D000D34367 /* KZ_Model_macOS */,
			);
		};
/* End PBXProject section */

/* Begin PBXResourcesBuildPhase section */
		AEE675642089B6B800D34367 /* Resources */ = {
			isa = PBXResourcesBuildPhase;
			buildActionMask = 2147483647;
			files = (
				AEE675752089B6B900D34367 /* LaunchScreen.storyboard in Resources */,
				AEE675722089B6B900D34367 /* Assets.xcassets in Resources */,
				AEE675702089B6B900D34367 /* Main.storyboard in Resources */,
				AEC28F7E2089DBFD00198A0E /* iOS_TXT.txt in Resources */,
			);
			runOnlyForDeploymentPostprocessing = 0;
		};
		AEE6757E2089B6D000D34367 /* Resources */ = {
			isa = PBXResourcesBuildPhase;
			buildActionMask = 2147483647;
			files = (
				AEE675892089B6D000D34367 /* Assets.xcassets in Resources */,
				AEC28FA32089F59200198A0E /* macOS_TXT.txt in Resources */,
				AEE6758C2089B6D000D34367 /* Main.storyboard in Resources */,
			);
			runOnlyForDeploymentPostprocessing = 0;
		};
/* End PBXResourcesBuildPhase section */

/* Begin PBXShellScriptBuildPhase section */
		D2592BD062E4C94FDFE57F8F /* [CP] Check Pods Manifest.lock */ = {
			isa = PBXShellScriptBuildPhase;
			buildActionMask = 2147483647;
			files = (
			);
			inputPaths = (
				"${PODS_PODFILE_DIR_PATH}/Podfile.lock",
				"${PODS_ROOT}/Manifest.lock",
			);
			name = "[CP] Check Pods Manifest.lock";
			outputPaths = (
				"$(DERIVED_FILE_DIR)/Pods-KZ_Model_iOS-checkManifestLockResult.txt",
			);
			runOnlyForDeploymentPostprocessing = 0;
			shellPath = /bin/sh;
			shellScript = "diff \"${PODS_PODFILE_DIR_PATH}/Podfile.lock\" \"${PODS_ROOT}/Manifest.lock\" > /dev/null\nif [ $? != 0 ] ; then\n    # print error to STDERR\n    echo \"error: The sandbox is not in sync with the Podfile.lock. Run 'pod install' or update your CocoaPods installation.\" >&2\n    exit 1\nfi\n# This output is used by Xcode 'outputs' to avoid re-running this script phase.\necho \"SUCCESS\" > \"${SCRIPT_OUTPUT_FILE_0}\"\n";
			showEnvVarsInLog = 0;
		};
		D8CD1C457A0A7C6816170902 /* [CP] Check Pods Manifest.lock */ = {
			isa = PBXShellScriptBuildPhase;
			buildActionMask = 2147483647;
			files = (
			);
			inputPaths = (
				"${PODS_PODFILE_DIR_PATH}/Podfile.lock",
				"${PODS_ROOT}/Manifest.lock",
			);
			name = "[CP] Check Pods Manifest.lock";
			outputPaths = (
				"$(DERIVED_FILE_DIR)/Pods-KZ_Model_macOS-checkManifestLockResult.txt",
			);
			runOnlyForDeploymentPostprocessing = 0;
			shellPath = /bin/sh;
			shellScript = "diff \"${PODS_PODFILE_DIR_PATH}/Podfile.lock\" \"${PODS_ROOT}/Manifest.lock\" > /dev/null\nif [ $? != 0 ] ; then\n    # print error to STDERR\n    echo \"error: The sandbox is not in sync with the Podfile.lock. Run 'pod install' or update your CocoaPods installation.\" >&2\n    exit 1\nfi\n# This output is used by Xcode 'outputs' to avoid re-running this script phase.\necho \"SUCCESS\" > \"${SCRIPT_OUTPUT_FILE_0}\"\n";
			showEnvVarsInLog = 0;
		};
/* End PBXShellScriptBuildPhase section */

/* Begin PBXSourcesBuildPhase section */
		AEE675622089B6B800D34367 /* Sources */ = {
			isa = PBXSourcesBuildPhase;
			buildActionMask = 2147483647;
			files = (
				AEC28F7B2089DBFD00198A0E /* iOS_TestWeiboBadgeModel.m in Sources */,
				AEC28F7D2089DBFD00198A0E /* iOS_TestWeiboVisibleModel.m in Sources */,
				AEC28F792089DBFD00198A0E /* iOS_TestWeiboModel.m in Sources */,
				AEC28F7C2089DBFD00198A0E /* iOS_TestModel.m in Sources */,
				AEC28F752089DBFD00198A0E /* iOS_TestWeiboImageInfoModel.m in Sources */,
				AEE6756D2089B6B900D34367 /* ViewController.m in Sources */,
				AEC28F782089DBFD00198A0E /* iOS_TestUser.m in Sources */,
				AEC28F7A2089DBFD00198A0E /* iOS_TestWeiboUserModel.m in Sources */,
				AEC28F802089DBFD00198A0E /* iOS_TestWeiboImageModel.m in Sources */,
				AEE675782089B6B900D34367 /* main.m in Sources */,
				AEC28F762089DBFD00198A0E /* iOS_User.m in Sources */,
				AEC28F772089DBFD00198A0E /* iOS_TestWeiboExtendModel.m in Sources */,
				AEC28F7F2089DBFD00198A0E /* KZ_iOS_TestModel.m in Sources */,
				AEE6756A2089B6B900D34367 /* AppDelegate.m in Sources */,
			);
			runOnlyForDeploymentPostprocessing = 0;
		};
		AEE6757C2089B6D000D34367 /* Sources */ = {
			isa = PBXSourcesBuildPhase;
			buildActionMask = 2147483647;
			files = (
				AEC28FA42089F59200198A0E /* macOS_TestWeiboImageInfoModel.m in Sources */,
				AEC28F9B2089F59200198A0E /* macOS_User.m in Sources */,
				AEC28F9E2089F59200198A0E /* macOS_TestWeiboImageModel.m in Sources */,
				AEC28F9C2089F59200198A0E /* macOS_TestWeiboModel.m in Sources */,
				AEC28F9A2089F59200198A0E /* macOS_TestWeiboExtendModel.m in Sources */,
				AEC28FA02089F59200198A0E /* KZ_macOS_TestModel.m in Sources */,
				AEC28F9F2089F59200198A0E /* macOS_TestUser.m in Sources */,
				AEC28FA22089F59200198A0E /* macOS_TestWeiboUserModel.m in Sources */,
				AEE675872089B6D000D34367 /* ViewController.m in Sources */,
				AEE6758F2089B6D000D34367 /* main.m in Sources */,
				AEC28F992089F59200198A0E /* macOS_TestWeiboBadgeModel.m in Sources */,
				AEE675842089B6D000D34367 /* AppDelegate.m in Sources */,
				AEC28F9D2089F59200198A0E /* macOS_TestWeiboVisibleModel.m in Sources */,
				AEC28FA12089F59200198A0E /* macOS_TestModel.m in Sources */,
			);
			runOnlyForDeploymentPostprocessing = 0;
		};
/* End PBXSourcesBuildPhase section */

/* Begin PBXVariantGroup section */
		AEE6756E2089B6B900D34367 /* Main.storyboard */ = {
			isa = PBXVariantGroup;
			children = (
				AEE6756F2089B6B900D34367 /* Base */,
			);
			name = Main.storyboard;
			sourceTree = "<group>";
		};
		AEE675732089B6B900D34367 /* LaunchScreen.storyboard */ = {
			isa = PBXVariantGroup;
			children = (
				AEE675742089B6B900D34367 /* Base */,
			);
			name = LaunchScreen.storyboard;
			sourceTree = "<group>";
		};
		AEE6758A2089B6D000D34367 /* Main.storyboard */ = {
			isa = PBXVariantGroup;
			children = (
				AEE6758B2089B6D000D34367 /* Base */,
			);
			name = Main.storyboard;
			sourceTree = "<group>";
		};
/* End PBXVariantGroup section */

/* Begin XCBuildConfiguration section */
		AEE675792089B6B900D34367 /* Debug */ = {
			isa = XCBuildConfiguration;
			baseConfigurationReference = 6537D158F4EEACA0B29141A2 /* Pods-KZ_Model_iOS.debug.xcconfig */;
			buildSettings = {
				ASSETCATALOG_COMPILER_APPICON_NAME = AppIcon;
				ASSETCATALOG_COMPILER_LAUNCHIMAGE_NAME = LaunchImage;
				CLANG_ANALYZER_NUMBER_OBJECT_CONVERSION = YES_AGGRESSIVE;
				CLANG_CXX_LANGUAGE_STANDARD = "gnu++14";
				CLANG_ENABLE_OBJC_WEAK = YES;
				CLANG_WARN_UNGUARDED_AVAILABILITY = YES_AGGRESSIVE;
				CODE_SIGN_IDENTITY = "iPhone Developer";
				CODE_SIGN_STYLE = Automatic;
				DEVELOPMENT_TEAM = TGTFTDLM8G;
				FRAMEWORK_SEARCH_PATHS = (
					"$(inherited)",
					"$(PROJECT_DIR)/KZ_Model_iOS/Model",
				);
				GCC_C_LANGUAGE_STANDARD = gnu11;
				INFOPLIST_FILE = KZ_Model_iOS/Info.plist;
				IPHONEOS_DEPLOYMENT_TARGET = 8.0;
				LD_RUNPATH_SEARCH_PATHS = "$(inherited) @executable_path/Frameworks";
				PRODUCT_BUNDLE_IDENTIFIER = com.kieronzhang.Model;
				PRODUCT_NAME = "$(TARGET_NAME)";
				TARGETED_DEVICE_FAMILY = 1;
			};
			name = Debug;
		};
		AEE6757A2089B6B900D34367 /* Release */ = {
			isa = XCBuildConfiguration;
			baseConfigurationReference = C132A6F3AAE99BD4EDEB9EC3 /* Pods-KZ_Model_iOS.release.xcconfig */;
			buildSettings = {
				ASSETCATALOG_COMPILER_APPICON_NAME = AppIcon;
				ASSETCATALOG_COMPILER_LAUNCHIMAGE_NAME = LaunchImage;
				CLANG_ANALYZER_NUMBER_OBJECT_CONVERSION = YES_AGGRESSIVE;
				CLANG_CXX_LANGUAGE_STANDARD = "gnu++14";
				CLANG_ENABLE_OBJC_WEAK = YES;
				CLANG_WARN_UNGUARDED_AVAILABILITY = YES_AGGRESSIVE;
				CODE_SIGN_IDENTITY = "iPhone Developer";
				CODE_SIGN_STYLE = Automatic;
				DEVELOPMENT_TEAM = TGTFTDLM8G;
				FRAMEWORK_SEARCH_PATHS = (
					"$(inherited)",
					"$(PROJECT_DIR)/KZ_Model_iOS/Model",
				);
				GCC_C_LANGUAGE_STANDARD = gnu11;
				INFOPLIST_FILE = KZ_Model_iOS/Info.plist;
				IPHONEOS_DEPLOYMENT_TARGET = 8.0;
				LD_RUNPATH_SEARCH_PATHS = "$(inherited) @executable_path/Frameworks";
				PRODUCT_BUNDLE_IDENTIFIER = com.kieronzhang.Model;
				PRODUCT_NAME = "$(TARGET_NAME)";
				TARGETED_DEVICE_FAMILY = 1;
			};
			name = Release;
		};
		AEE675922089B6D000D34367 /* Debug */ = {
			isa = XCBuildConfiguration;
			baseConfigurationReference = 45B9A89C0C476495A9C7BA36 /* Pods-KZ_Model_macOS.debug.xcconfig */;
			buildSettings = {
				ASSETCATALOG_COMPILER_APPICON_NAME = AppIcon;
				CLANG_ANALYZER_NUMBER_OBJECT_CONVERSION = YES_AGGRESSIVE;
				CLANG_CXX_LANGUAGE_STANDARD = "gnu++14";
				CLANG_ENABLE_OBJC_WEAK = YES;
				CLANG_WARN_UNGUARDED_AVAILABILITY = YES_AGGRESSIVE;
				CODE_SIGN_ENTITLEMENTS = KZ_Model_macOS/KZ_Model_macOS.entitlements;
				CODE_SIGN_IDENTITY = "Mac Developer";
				CODE_SIGN_STYLE = Automatic;
				COMBINE_HIDPI_IMAGES = YES;
				DEVELOPMENT_TEAM = TGTFTDLM8G;
				FRAMEWORK_SEARCH_PATHS = (
					"$(inherited)",
					"$(PROJECT_DIR)/KZ_Model_macOS/Model",
				);
				GCC_C_LANGUAGE_STANDARD = gnu11;
				INFOPLIST_FILE = KZ_Model_macOS/Info.plist;
				LD_RUNPATH_SEARCH_PATHS = "$(inherited) @executable_path/../Frameworks";
				MACOSX_DEPLOYMENT_TARGET = 10.13;
				PRODUCT_BUNDLE_IDENTIFIER = com.kieronzhang.Model;
				PRODUCT_NAME = "$(TARGET_NAME)";
				SDKROOT = macosx;
			};
			name = Debug;
		};
		AEE675932089B6D000D34367 /* Release */ = {
			isa = XCBuildConfiguration;
			baseConfigurationReference = 336FE1A2ADB95B89E22DFAA8 /* Pods-KZ_Model_macOS.release.xcconfig */;
			buildSettings = {
				ASSETCATALOG_COMPILER_APPICON_NAME = AppIcon;
				CLANG_ANALYZER_NUMBER_OBJECT_CONVERSION = YES_AGGRESSIVE;
				CLANG_CXX_LANGUAGE_STANDARD = "gnu++14";
				CLANG_ENABLE_OBJC_WEAK = YES;
				CLANG_WARN_UNGUARDED_AVAILABILITY = YES_AGGRESSIVE;
				CODE_SIGN_ENTITLEMENTS = KZ_Model_macOS/KZ_Model_macOS.entitlements;
				CODE_SIGN_IDENTITY = "Mac Developer";
				CODE_SIGN_STYLE = Automatic;
				COMBINE_HIDPI_IMAGES = YES;
				DEVELOPMENT_TEAM = TGTFTDLM8G;
				FRAMEWORK_SEARCH_PATHS = (
					"$(inherited)",
					"$(PROJECT_DIR)/KZ_Model_macOS/Model",
				);
				GCC_C_LANGUAGE_STANDARD = gnu11;
				INFOPLIST_FILE = KZ_Model_macOS/Info.plist;
				LD_RUNPATH_SEARCH_PATHS = "$(inherited) @executable_path/../Frameworks";
				MACOSX_DEPLOYMENT_TARGET = 10.13;
				PRODUCT_BUNDLE_IDENTIFIER = com.kieronzhang.Model;
				PRODUCT_NAME = "$(TARGET_NAME)";
				SDKROOT = macosx;
			};
			name = Release;
		};
		AEF175731E0EAD50003D041A /* Debug */ = {
			isa = XCBuildConfiguration;
			buildSettings = {
				ALWAYS_SEARCH_USER_PATHS = NO;
				CLANG_ANALYZER_NONNULL = YES;
				CLANG_CXX_LANGUAGE_STANDARD = "gnu++0x";
				CLANG_CXX_LIBRARY = "libc++";
				CLANG_ENABLE_MODULES = YES;
				CLANG_ENABLE_OBJC_ARC = YES;
				CLANG_WARN_BLOCK_CAPTURE_AUTORELEASING = YES;
				CLANG_WARN_BOOL_CONVERSION = YES;
				CLANG_WARN_COMMA = YES;
				CLANG_WARN_CONSTANT_CONVERSION = YES;
				CLANG_WARN_DEPRECATED_OBJC_IMPLEMENTATIONS = YES;
				CLANG_WARN_DIRECT_OBJC_ISA_USAGE = YES_ERROR;
				CLANG_WARN_DOCUMENTATION_COMMENTS = YES;
				CLANG_WARN_EMPTY_BODY = YES;
				CLANG_WARN_ENUM_CONVERSION = YES;
				CLANG_WARN_INFINITE_RECURSION = YES;
				CLANG_WARN_INT_CONVERSION = YES;
				CLANG_WARN_NON_LITERAL_NULL_CONVERSION = YES;
				CLANG_WARN_OBJC_IMPLICIT_RETAIN_SELF = YES;
				CLANG_WARN_OBJC_LITERAL_CONVERSION = YES;
				CLANG_WARN_OBJC_ROOT_CLASS = YES_ERROR;
				CLANG_WARN_RANGE_LOOP_ANALYSIS = YES;
				CLANG_WARN_STRICT_PROTOTYPES = YES;
				CLANG_WARN_SUSPICIOUS_MOVE = YES;
				CLANG_WARN_UNREACHABLE_CODE = YES;
				CLANG_WARN__DUPLICATE_METHOD_MATCH = YES;
				"CODE_SIGN_IDENTITY[sdk=iphoneos*]" = "iPhone Developer";
				COPY_PHASE_STRIP = NO;
				DEBUG_INFORMATION_FORMAT = dwarf;
				ENABLE_STRICT_OBJC_MSGSEND = YES;
				ENABLE_TESTABILITY = YES;
				GCC_C_LANGUAGE_STANDARD = gnu99;
				GCC_DYNAMIC_NO_PIC = NO;
				GCC_NO_COMMON_BLOCKS = YES;
				GCC_OPTIMIZATION_LEVEL = 0;
				GCC_PREPROCESSOR_DEFINITIONS = (
					"DEBUG=1",
					"$(inherited)",
				);
				GCC_WARN_64_TO_32_BIT_CONVERSION = YES;
				GCC_WARN_ABOUT_RETURN_TYPE = YES_ERROR;
				GCC_WARN_UNDECLARED_SELECTOR = YES;
				GCC_WARN_UNINITIALIZED_AUTOS = YES_AGGRESSIVE;
				GCC_WARN_UNUSED_FUNCTION = YES;
				GCC_WARN_UNUSED_VARIABLE = YES;
				IPHONEOS_DEPLOYMENT_TARGET = 8.0;
				MACOSX_DEPLOYMENT_TARGET = 10.10;
				MTL_ENABLE_DEBUG_INFO = YES;
				ONLY_ACTIVE_ARCH = YES;
				SDKROOT = iphoneos;
				TARGETED_DEVICE_FAMILY = "1,2";
			};
			name = Debug;
		};
		AEF175741E0EAD50003D041A /* Release */ = {
			isa = XCBuildConfiguration;
			buildSettings = {
				ALWAYS_SEARCH_USER_PATHS = NO;
				CLANG_ANALYZER_NONNULL = YES;
				CLANG_CXX_LANGUAGE_STANDARD = "gnu++0x";
				CLANG_CXX_LIBRARY = "libc++";
				CLANG_ENABLE_MODULES = YES;
				CLANG_ENABLE_OBJC_ARC = YES;
				CLANG_WARN_BLOCK_CAPTURE_AUTORELEASING = YES;
				CLANG_WARN_BOOL_CONVERSION = YES;
				CLANG_WARN_COMMA = YES;
				CLANG_WARN_CONSTANT_CONVERSION = YES;
				CLANG_WARN_DEPRECATED_OBJC_IMPLEMENTATIONS = YES;
				CLANG_WARN_DIRECT_OBJC_ISA_USAGE = YES_ERROR;
				CLANG_WARN_DOCUMENTATION_COMMENTS = YES;
				CLANG_WARN_EMPTY_BODY = YES;
				CLANG_WARN_ENUM_CONVERSION = YES;
				CLANG_WARN_INFINITE_RECURSION = YES;
				CLANG_WARN_INT_CONVERSION = YES;
				CLANG_WARN_NON_LITERAL_NULL_CONVERSION = YES;
				CLANG_WARN_OBJC_IMPLICIT_RETAIN_SELF = YES;
				CLANG_WARN_OBJC_LITERAL_CONVERSION = YES;
				CLANG_WARN_OBJC_ROOT_CLASS = YES_ERROR;
				CLANG_WARN_RANGE_LOOP_ANALYSIS = YES;
				CLANG_WARN_STRICT_PROTOTYPES = YES;
				CLANG_WARN_SUSPICIOUS_MOVE = YES;
				CLANG_WARN_UNREACHABLE_CODE = YES;
				CLANG_WARN__DUPLICATE_METHOD_MATCH = YES;
				"CODE_SIGN_IDENTITY[sdk=iphoneos*]" = "iPhone Developer";
				COPY_PHASE_STRIP = NO;
				DEBUG_INFORMATION_FORMAT = "dwarf-with-dsym";
				ENABLE_NS_ASSERTIONS = NO;
				ENABLE_STRICT_OBJC_MSGSEND = YES;
				GCC_C_LANGUAGE_STANDARD = gnu99;
				GCC_NO_COMMON_BLOCKS = YES;
				GCC_WARN_64_TO_32_BIT_CONVERSION = YES;
				GCC_WARN_ABOUT_RETURN_TYPE = YES_ERROR;
				GCC_WARN_UNDECLARED_SELECTOR = YES;
				GCC_WARN_UNINITIALIZED_AUTOS = YES_AGGRESSIVE;
				GCC_WARN_UNUSED_FUNCTION = YES;
				GCC_WARN_UNUSED_VARIABLE = YES;
				IPHONEOS_DEPLOYMENT_TARGET = 8.0;
				MACOSX_DEPLOYMENT_TARGET = 10.10;
				MTL_ENABLE_DEBUG_INFO = NO;
				SDKROOT = iphoneos;
				TARGETED_DEVICE_FAMILY = "1,2";
				VALIDATE_PRODUCT = YES;
			};
			name = Release;
		};
/* End XCBuildConfiguration section */

/* Begin XCConfigurationList section */
		AEE6757B2089B6B900D34367 /* Build configuration list for PBXNativeTarget "KZ_Model_iOS" */ = {
			isa = XCConfigurationList;
			buildConfigurations = (
				AEE675792089B6B900D34367 /* Debug */,
				AEE6757A2089B6B900D34367 /* Release */,
			);
			defaultConfigurationIsVisible = 0;
			defaultConfigurationName = Release;
		};
		AEE675912089B6D000D34367 /* Build configuration list for PBXNativeTarget "KZ_Model_macOS" */ = {
			isa = XCConfigurationList;
			buildConfigurations = (
				AEE675922089B6D000D34367 /* Debug */,
				AEE675932089B6D000D34367 /* Release */,
			);
			defaultConfigurationIsVisible = 0;
			defaultConfigurationName = Release;
		};
		AEF175431E0EAD50003D041A /* Build configuration list for PBXProject "KZ_Model" */ = {
			isa = XCConfigurationList;
			buildConfigurations = (
				AEF175731E0EAD50003D041A /* Debug */,
				AEF175741E0EAD50003D041A /* Release */,
			);
			defaultConfigurationIsVisible = 0;
			defaultConfigurationName = Release;
		};
/* End XCConfigurationList section */
	};
	rootObject = AEF175401E0EAD50003D041A /* Project object */;
}
